{
  "version": 4,
  "terraform_version": "1.15.2",
  "serial": 201,
  "lineage": "b4cc9ed2-20cd-f89e-1b0e-8bd6d78f9078",
  "outputs": {
    "api_gateway_url": {
      "value": "floramatch-gateway-4rnl9enj.ew.gateway.dev",
      "type": "string"
    }
  },
  "resources": [
    {
      "mode": "data",
      "type": "google_project",
      "name": "project",
      "provider": "provider[\"registry.terraform.io/hashicorp/google\"]",
      "instances": [
        {
          "schema_version": 0,
          "attributes": {
            "auto_create_network": null,
            "billing_account": "01C5CC-7EF07D-8DAE13",
            "deletion_policy": "PREVENT",
            "effective_labels": {
              "firebase": "enabled",
              "firebase-core": "disabled"
            },
            "folder_id": null,
            "id": "projects/floramatch-497314",
            "labels": {
              "firebase": "enabled",
              "firebase-core": "disabled"
            },
            "name": "floramatch",
            "number": "373656212335",
            "org_id": null,
            "project_id": "floramatch-497314",
            "tags": null,
            "terraform_labels": {
              "firebase": "enabled",
              "firebase-core": "disabled"
            }
          },
          "sensitive_attributes": [],
          "identity_schema_version": 0
        }
      ]
    },
    {
      "mode": "managed",
      "type": "google_api_gateway_api",
      "name": "floramatch_api",
      "provider": "provider[\"registry.terraform.io/hashicorp/google-beta\"]",
      "instances": [
        {
          "schema_version": 0,
          "attributes": {
            "api_id": "floramatch-api",
            "create_time": "2026-05-29T09:53:02.184865183Z",
            "deletion_policy": "DELETE",
            "display_name": "floramatch-api",
            "effective_labels": {
              "goog-terraform-provisioned": "true"
            },
            "id": "projects/floramatch-497314/locations/global/apis/floramatch-api",
            "labels": {},
            "managed_service": "floramatch-api-29y8hcbdx9wee.apigateway.floramatch-497314.cloud.goog",
            "name": "projects/floramatch-497314/locations/global/apis/floramatch-api",
            "project": "floramatch-497314",
            "terraform_labels": {
              "goog-terraform-provisioned": "true"
            },
            "timeouts": null
          },
          "sensitive_attributes": [],
          "identity_schema_version": 1,
          "identity": {
            "api_id": "floramatch-api",
            "project": "floramatch-497314"
          },
          "private": "eyJlMmJmYjczMC1lY2FhLTExZTYtOGY4OC0zNDM2M2JjN2M0YzAiOnsiY3JlYXRlIjoxMjAwMDAwMDAwMDAwLCJkZWxldGUiOjEyMDAwMDAwMDAwMDAsInVwZGF0ZSI6MTIwMDAwMDAwMDAwMH19",
          "dependencies": [
            "google_project_service.services"
          ]
        }
      ]
    },
    {
      "mode": "managed",
      "type": "google_api_gateway_api_config",
      "name": "floramatch_api_config",
      "provider": "provider[\"registry.terraform.io/hashicorp/google-beta\"]",
      "instances": [
        {
          "schema_version": 0,
          "attributes": {
            "api": "floramatch-api",
            "api_config_id": "v1",
            "api_config_id_prefix": null,
            "deletion_policy": "DELETE",
            "display_name": "v1",
            "effective_labels": {
              "goog-terraform-provisioned": "true"
            },
            "gateway_config": [],
            "grpc_services": [],
            "id": "projects/floramatch-497314/locations/global/apis/floramatch-api/configs/v1",
            "labels": {},
            "managed_service_configs": [],
            "name": "projects/373656212335/locations/global/apis/floramatch-api/configs/v1",
            "openapi_documents": [
              {
                "document": [
                  {
                    "contents": "c3dhZ2dlcjogIjIuMCIKCmluZm86CiAgdGl0bGU6IEZsb3JhTWF0Y2ggQVBJCiAgdmVyc2lvbjogMS4wLjAKCnNjaGVtZXM6CiAgLSBodHRwcwoKcHJvZHVjZXM6CiAgLSBhcHBsaWNhdGlvbi9qc29uCgpzZWN1cml0eURlZmluaXRpb25zOgogIGFwaV9rZXk6CiAgICB0eXBlOiBhcGlLZXkKICAgIG5hbWU6IGtleQogICAgaW46IHF1ZXJ5CgpzZWN1cml0eToKICAtIGFwaV9rZXk6IFtdCgpwYXRoczoKCiAgL3JlY29tbWVuZGF0aW9uczoKICAgIHBvc3Q6CiAgICAgIG9wZXJhdGlvbklkOiBnZXRSZWNvbW1lbmRhdGlvbnMKICAgICAgeC1nb29nbGUtYmFja2VuZDoKICAgICAgICBhZGRyZXNzOiBodHRwczovL2V1cm9wZS1jZW50cmFsMi1mbG9yYW1hdGNoLTQ5NzMxNC5jbG91ZGZ1bmN0aW9ucy5uZXQvcGxhbnQtcmVjb21tZW5kYXRpb24tc2VydmljZQogICAgICAgIHBhdGhfdHJhbnNsYXRpb246IEFQUEVORF9QQVRIX1RPX0FERFJFU1MKICAgICAgcmVzcG9uc2VzOgogICAgICAgICIyMDAiOgogICAgICAgICAgZGVzY3JpcHRpb246IE9LCgogIC9nYXJkZW4vcGxhbnRzOgogICAgZ2V0OgogICAgICBvcGVyYXRpb25JZDogZ2V0UGxhbnRzCiAgICAgIHgtZ29vZ2xlLWJhY2tlbmQ6CiAgICAgICAgYWRkcmVzczogaHR0cHM6Ly9ldXJvcGUtY2VudHJhbDItZmxvcmFtYXRjaC00OTczMTQuY2xvdWRmdW5jdGlvbnMubmV0L2dhcmRlbi1zZXJ2aWNlCiAgICAgICAgcGF0aF90cmFuc2xhdGlvbjogQVBQRU5EX1BBVEhfVE9fQUREUkVTUwogICAgICByZXNwb25zZXM6CiAgICAgICAgIjIwMCI6CiAgICAgICAgICBkZXNjcmlwdGlvbjogT0sKCiAgICBwb3N0OgogICAgICBvcGVyYXRpb25JZDogYWRkUGxhbnQKICAgICAgeC1nb29nbGUtYmFja2VuZDoKICAgICAgICBhZGRyZXNzOiBodHRwczovL2V1cm9wZS1jZW50cmFsMi1mbG9yYW1hdGNoLTQ5NzMxNC5jbG91ZGZ1bmN0aW9ucy5uZXQvZ2FyZGVuLXNlcnZpY2UKICAgICAgICBwYXRoX3RyYW5zbGF0aW9uOiBBUFBFTkRfUEFUSF9UT19BRERSRVNTCiAgICAgIHJlc3BvbnNlczoKICAgICAgICAiMjAwIjoKICAgICAgICAgIGRlc2NyaXB0aW9uOiBPSwoKICAvZ2FyZGVuL3BsYW50cy97aWR9OgogICAgZ2V0OgogICAgICBvcGVyYXRpb25JZDogZ2V0UGxhbnRCeUlkCiAgICAgIHBhcmFtZXRlcnM6CiAgICAgICAgLSBuYW1lOiBpZAogICAgICAgICAgaW46IHBhdGgKICAgICAgICAgIHJlcXVpcmVkOiB0cnVlCiAgICAgICAgICB0eXBlOiBzdHJpbmcKICAgICAgeC1nb29nbGUtYmFja2VuZDoKICAgICAgICBhZGRyZXNzOiBodHRwczovL2V1cm9wZS1jZW50cmFsMi1mbG9yYW1hdGNoLTQ5NzMxNC5jbG91ZGZ1bmN0aW9ucy5uZXQvZ2FyZGVuLXNlcnZpY2UKICAgICAgICBwYXRoX3RyYW5zbGF0aW9uOiBBUFBFTkRfUEFUSF9UT19BRERSRVNTCiAgICAgIHJlc3BvbnNlczoKICAgICAgICAiMjAwIjoKICAgICAgICAgIGRlc2NyaXB0aW9uOiBPSwoKICAgIHB1dDoKICAgICAgb3BlcmF0aW9uSWQ6IHVwZGF0ZVBsYW50CiAgICAgIHBhcmFtZXRlcnM6CiAgICAgICAgLSBuYW1lOiBpZAogICAgICAgICAgaW46IHBhdGgKICAgICAgICAgIHJlcXVpcmVkOiB0cnVlCiAgICAgICAgICB0eXBlOiBzdHJpbmcKICAgICAgeC1nb29nbGUtYmFja2VuZDoKICAgICAgICBhZGRyZXNzOiBodHRwczovL2V1cm9wZS1jZW50cmFsMi1mbG9yYW1hdGNoLTQ5NzMxNC5jbG91ZGZ1bmN0aW9ucy5uZXQvZ2FyZGVuLXNlcnZpY2UKICAgICAgICBwYXRoX3RyYW5zbGF0aW9uOiBBUFBFTkRfUEFUSF9UT19BRERSRVNTCiAgICAgIHJlc3BvbnNlczoKICAgICAgICAiMjAwIjoKICAgICAgICAgIGRlc2NyaXB0aW9uOiBPSwoKICAgIGRlbGV0ZToKICAgICAgb3BlcmF0aW9uSWQ6IGRlbGV0ZVBsYW50CiAgICAgIHBhcmFtZXRlcnM6CiAgICAgICAgLSBuYW1lOiBpZAogICAgICAgICAgaW46IHBhdGgKICAgICAgICAgIHJlcXVpcmVkOiB0cnVlCiAgICAgICAgICB0eXBlOiBzdHJpbmcKICAgICAgeC1nb29nbGUtYmFja2VuZDoKICAgICAgICBhZGRyZXNzOiBodHRwczovL2V1cm9wZS1jZW50cmFsMi1mbG9yYW1hdGNoLTQ5NzMxNC5jbG91ZGZ1bmN0aW9ucy5uZXQvZ2FyZGVuLXNlcnZpY2UKICAgICAgICBwYXRoX3RyYW5zbGF0aW9uOiBBUFBFTkRfUEFUSF9UT19BRERSRVNTCiAgICAgIHJlc3BvbnNlczoKICAgICAgICAiMjAwIjoKICAgICAgICAgIGRlc2NyaXB0aW9uOiBPSw==",
                    "path": "openapi.yaml"
                  }
                ]
              }
            ],
            "project": "floramatch-497314",
            "service_config_id": "v1-1hthkbch2yqb3",
            "terraform_labels": {
              "goog-terraform-provisioned": "true"
            },
            "timeouts": null
          },
          "sensitive_attributes": [],
          "identity_schema_version": 1,
          "identity": {
            "api": "floramatch-api",
            "api_config_id": "v1",
            "project": "floramatch-497314"
          },
          "private": "eyJlMmJmYjczMC1lY2FhLTExZTYtOGY4OC0zNDM2M2JjN2M0YzAiOnsiY3JlYXRlIjoxMjAwMDAwMDAwMDAwLCJkZWxldGUiOjEyMDAwMDAwMDAwMDAsInVwZGF0ZSI6MTIwMDAwMDAwMDAwMH19",
          "dependencies": [
            "google_api_gateway_api.floramatch_api",
            "google_project_service.services"
          ]
        }
      ]
    },
    {
      "mode": "managed",
      "type": "google_api_gateway_gateway",
      "name": "floramatch_gateway",
      "provider": "provider[\"registry.terraform.io/hashicorp/google-beta\"]",
      "instances": [
        {
          "schema_version": 0,
          "attributes": {
            "api_config": "projects/373656212335/locations/global/apis/floramatch-api/configs/v1",
            "default_hostname": "floramatch-gateway-4rnl9enj.ew.gateway.dev",
            "deletion_policy": "DELETE",
            "display_name": "floramatch-gateway",
            "effective_labels": {
              "goog-terraform-provisioned": "true"
            },
            "gateway_id": "floramatch-gateway",
            "id": "projects/floramatch-497314/locations/europe-west1/gateways/floramatch-gateway",
            "labels": {},
            "name": "projects/floramatch-497314/locations/europe-west1/gateways/floramatch-gateway",
            "project": "floramatch-497314",
            "region": "europe-west1",
            "terraform_labels": {
              "goog-terraform-provisioned": "true"
            },
            "timeouts": null
          },
          "sensitive_attributes": [],
          "identity_schema_version": 1,
          "identity": {
            "gateway_id": "floramatch-gateway",
            "project": "floramatch-497314",
            "region": "europe-west1"
          },
          "private": "eyJlMmJmYjczMC1lY2FhLTExZTYtOGY4OC0zNDM2M2JjN2M0YzAiOnsiY3JlYXRlIjoxMjAwMDAwMDAwMDAwLCJkZWxldGUiOjEyMDAwMDAwMDAwMDAsInVwZGF0ZSI6MTIwMDAwMDAwMDAwMH19",
          "dependencies": [
            "google_api_gateway_api.floramatch_api",
            "google_api_gateway_api_config.floramatch_api_config",
            "google_project_service.services"
          ]
        }
      ]
    },
    {
      "mode": "managed",
      "type": "google_cloud_run_service_iam_member",
      "name": "public_access",
      "provider": "provider[\"registry.terraform.io/hashicorp/google\"]",
      "instances": [
        {
          "schema_version": 0,
          "attributes": {
            "condition": [],
            "etag": "BwZSkz5gJhc=",
            "id": "v1/projects/floramatch-497314/locations/europe-central2/services/garden-service/roles/run.invoker/allUsers",
            "location": "europe-central2",
            "member": "allUsers",
            "project": "floramatch-497314",
            "role": "roles/run.invoker",
            "service": "v1/projects/floramatch-497314/locations/europe-central2/services/garden-service"
          },
          "sensitive_attributes": [],
          "identity_schema_version": 1,
          "identity": {
            "condition_title": null,
            "location": "europe-central2",
            "member": "allUsers",
            "project": "floramatch-497314",
            "role": "roles/run.invoker",
            "service": "v1/projects/floramatch-497314/locations/europe-central2/services/garden-service"
          },
          "private": "bnVsbA==",
          "dependencies": [
            "google_cloudfunctions2_function.garden_service",
            "google_project_service.services",
            "google_secret_manager_secret.db_password",
            "google_service_account.functions_sa",
            "google_storage_bucket.functions_bucket",
            "google_storage_bucket_object.garden_zip"
          ]
        }
      ]
    },
    {
      "mode": "managed",
      "type": "google_cloud_run_service_iam_member",
      "name": "public_access_recommendations",
      "provider": "provider[\"registry.terraform.io/hashicorp/google\"]",
      "instances": [
        {
          "schema_version": 0,
          "attributes": {
            "condition": [],
            "etag": "BwZTHg80oXQ=",
            "id": "v1/projects/floramatch-497314/locations/europe-central2/services/plant-recommendation-service/roles/run.invoker/allUsers",
            "location": "europe-central2",
            "member": "allUsers",
            "project": "floramatch-497314",
            "role": "roles/run.invoker",
            "service": "v1/projects/floramatch-497314/locations/europe-central2/services/plant-recommendation-service"
          },
          "sensitive_attributes": [],
          "identity_schema_version": 1,
          "identity": {
            "condition_title": null,
            "location": "europe-central2",
            "member": "allUsers",
            "project": "floramatch-497314",
            "role": "roles/run.invoker",
            "service": "v1/projects/floramatch-497314/locations/europe-central2/services/plant-recommendation-service"
          },
          "private": "bnVsbA==",
          "dependencies": [
            "google_cloudfunctions2_function.recommendation_service",
            "google_project_service.services",
            "google_redis_instance.cache",
            "google_secret_manager_secret.db_password",
            "google_service_account.functions_sa",
            "google_sql_database_instance.plants_db",
            "google_storage_bucket.functions_bucket",
            "google_storage_bucket_object.recommendation_zip"
          ]
        }
      ]
    },
    {
      "mode": "managed",
      "type": "google_cloudfunctions2_function",
      "name": "garden_service",
      "provider": "provider[\"registry.terraform.io/hashicorp/google\"]",
      "instances": [
        {
          "schema_version": 0,
          "attributes": {
            "build_config": [
              {
                "automatic_update_policy": [
                  {}
                ],
                "build": "projects/373656212335/locations/europe-central2/builds/9980a719-d10f-4526-a7e0-dd53f4fce52a",
                "docker_repository": "projects/floramatch-497314/locations/europe-central2/repositories/gcf-artifacts",
                "entry_point": "gardenService",
                "environment_variables": {},
                "on_deploy_update_policy": [],
                "runtime": "nodejs20",
                "service_account": "projects/floramatch-497314/serviceAccounts/373656212335-compute@developer.gserviceaccount.com",
                "source": [
                  {
                    "repo_source": [],
                    "storage_source": [
                      {
                        "bucket": "floramatch-497314-functions-source",
                        "generation": 1779639596234404,
                        "object": "garden-service-b65db36ae3d547ce4aa30ae2da492ca0.zip"
                      }
                    ]
                  }
                ],
                "worker_pool": ""
              }
            ],
            "deletion_policy": "DELETE",
            "description": "",
            "effective_labels": {
              "goog-terraform-provisioned": "true"
            },
            "environment": "GEN_2",
            "event_trigger": [],
            "id": "projects/floramatch-497314/locations/europe-central2/functions/garden-service",
            "kms_key_name": "",
            "labels": {},
            "location": "europe-central2",
            "name": "garden-service",
            "project": "floramatch-497314",
            "service_config": [
              {
                "all_traffic_on_latest_revision": true,
                "available_cpu": "0.1666",
                "available_memory": "256M",
                "binary_authorization_policy": "",
                "direct_vpc_egress": "",
                "direct_vpc_network_interface": [],
                "environment_variables": {
                  "LOG_EXECUTION_ID": "true"
                },
                "gcf_uri": "",
                "ingress_settings": "ALLOW_ALL",
                "max_instance_count": 12,
                "max_instance_request_concurrency": 1,
                "min_instance_count": 0,
                "secret_environment_variables": [
                  {
                    "key": "DB_PASSWORD",
                    "project_id": "floramatch-497314",
                    "secret": "db-password",
                    "version": "latest"
                  }
                ],
                "secret_volumes": [],
                "service": "projects/floramatch-497314/locations/europe-central2/services/garden-service",
                "service_account_email": "functions-service-account@floramatch-497314.iam.gserviceaccount.com",
                "timeout_seconds": 60,
                "uri": "https://garden-service-o4dtgtgq7a-lm.a.run.app",
                "vpc_connector": "",
                "vpc_connector_egress_settings": ""
              }
            ],
            "state": "ACTIVE",
            "terraform_labels": {
              "goog-terraform-provisioned": "true"
            },
            "timeouts": null,
            "update_time": "2026-05-31T15:14:07.831821334Z",
            "url": "https://europe-central2-floramatch-497314.cloudfunctions.net/garden-service"
          },
          "sensitive_attributes": [],
          "identity_schema_version": 1,
          "identity": {
            "location": "europe-central2",
            "name": "garden-service",
            "project": "floramatch-497314"
          },
          "private": "eyJlMmJmYjczMC1lY2FhLTExZTYtOGY4OC0zNDM2M2JjN2M0YzAiOnsiY3JlYXRlIjozNjAwMDAwMDAwMDAwLCJkZWxldGUiOjM2MDAwMDAwMDAwMDAsInVwZGF0ZSI6MzYwMDAwMDAwMDAwMH19",
          "dependencies": [
            "google_project_service.services",
            "google_secret_manager_secret.db_password",
            "google_service_account.functions_sa",
            "google_storage_bucket.functions_bucket",
            "google_storage_bucket_object.garden_zip"
          ]
        }
      ]
    },
    {
      "mode": "managed",
      "type": "google_cloudfunctions2_function",
      "name": "recommendation_service",
      "provider": "provider[\"registry.terraform.io/hashicorp/google\"]",
      "instances": [
        {
          "schema_version": 0,
          "attributes": {
            "build_config": [
              {
                "automatic_update_policy": [
                  {}
                ],
                "build": "projects/373656212335/locations/europe-central2/builds/5069cdc1-f7d9-45e8-9868-fa9daaed72a3",
                "docker_repository": "projects/floramatch-497314/locations/europe-central2/repositories/gcf-artifacts",
                "entry_point": "plantRecommendationService",
                "environment_variables": {},
                "on_deploy_update_policy": [],
                "runtime": "nodejs20",
                "service_account": "projects/floramatch-497314/serviceAccounts/373656212335-compute@developer.gserviceaccount.com",
                "source": [
                  {
                    "repo_source": [],
                    "storage_source": [
                      {
                        "bucket": "floramatch-497314-functions-source",
                        "generation": 1780238376601164,
                        "object": "plant-recommendation-service-ba9d2e3fbc6501c388eec3c220d78ee6.zip"
                      }
                    ]
                  }
                ],
                "worker_pool": ""
              }
            ],
            "deletion_policy": "DELETE",
            "description": "",
            "effective_labels": {
              "goog-terraform-provisioned": "true"
            },
            "environment": "GEN_2",
            "event_trigger": [],
            "id": "projects/floramatch-497314/locations/europe-central2/functions/plant-recommendation-service",
            "kms_key_name": "",
            "labels": {},
            "location": "europe-central2",
            "name": "plant-recommendation-service",
            "project": "floramatch-497314",
            "service_config": [
              {
                "all_traffic_on_latest_revision": true,
                "available_cpu": "0.1666",
                "available_memory": "256M",
                "binary_authorization_policy": "",
                "direct_vpc_egress": "",
                "direct_vpc_network_interface": [],
                "environment_variables": {
                  "DB_CONNECTION_NAME": "floramatch-497314:europe-central2:plants-db",
                  "LOG_EXECUTION_ID": "true",
                  "REDIS_HOST": "10.81.190.27"
                },
                "gcf_uri": "",
                "ingress_settings": "ALLOW_ALL",
                "max_instance_count": 0,
                "max_instance_request_concurrency": 1,
                "min_instance_count": 0,
                "secret_environment_variables": [
                  {
                    "key": "DB_PASSWORD",
                    "project_id": "floramatch-497314",
                    "secret": "db-password",
                    "version": "latest"
                  }
                ],
                "secret_volumes": [],
                "service": "projects/floramatch-497314/locations/europe-central2/services/plant-recommendation-service",
                "service_account_email": "functions-service-account@floramatch-497314.iam.gserviceaccount.com",
                "timeout_seconds": 60,
                "uri": "https://plant-recommendation-service-o4dtgtgq7a-lm.a.run.app",
                "vpc_connector": "",
                "vpc_connector_egress_settings": ""
              }
            ],
            "state": "ACTIVE",
            "terraform_labels": {
              "goog-terraform-provisioned": "true"
            },
            "timeouts": null,
            "update_time": "2026-05-31T14:40:22.921341770Z",
            "url": "https://europe-central2-floramatch-497314.cloudfunctions.net/plant-recommendation-service"
          },
          "sensitive_attributes": [],
          "identity_schema_version": 1,
          "identity": {
            "location": "europe-central2",
            "name": "plant-recommendation-service",
            "project": "floramatch-497314"
          },
          "private": "eyJlMmJmYjczMC1lY2FhLTExZTYtOGY4OC0zNDM2M2JjN2M0YzAiOnsiY3JlYXRlIjozNjAwMDAwMDAwMDAwLCJkZWxldGUiOjM2MDAwMDAwMDAwMDAsInVwZGF0ZSI6MzYwMDAwMDAwMDAwMH19",
          "dependencies": [
            "google_project_service.services",
            "google_redis_instance.cache",
            "google_secret_manager_secret.db_password",
            "google_service_account.functions_sa",
            "google_sql_database_instance.plants_db",
            "google_storage_bucket.functions_bucket",
            "google_storage_bucket_object.recommendation_zip"
          ]
        }
      ]
    },
    {
      "mode": "managed",
      "type": "google_firebase_project",
      "name": "default",
      "provider": "provider[\"registry.terraform.io/hashicorp/google-beta\"]",
      "instances": [
        {
          "schema_version": 0,
          "attributes": {
            "display_name": "floramatch",
            "id": "projects/floramatch-497314",
            "project": "floramatch-497314",
            "project_number": "373656212335",
            "timeouts": null
          },
          "sensitive_attributes": [],
          "identity_schema_version": 1,
          "identity": {
            "project": "floramatch-497314"
          },
          "private": "eyJlMmJmYjczMC1lY2FhLTExZTYtOGY4OC0zNDM2M2JjN2M0YzAiOnsiY3JlYXRlIjoxMjAwMDAwMDAwMDAwLCJkZWxldGUiOjEyMDAwMDAwMDAwMDB9fQ=="
        }
      ]
    },
    {
      "mode": "managed",
      "type": "google_firebase_web_app",
      "name": "app",
      "provider": "provider[\"registry.terraform.io/hashicorp/google-beta\"]",
      "instances": [
        {
          "schema_version": 0,
          "attributes": {
            "api_key_id": "1b0b0ede-7868-4380-b1c1-acdcfc4bce0d",
            "app_id": "1:373656212335:web:433ec7f500d1f3ffe48e9a",
            "app_urls": [],
            "deletion_policy": "DELETE",
            "display_name": "FloraMatch",
            "id": "projects/floramatch-497314/webApps/1:373656212335:web:433ec7f500d1f3ffe48e9a",
            "name": "projects/floramatch-497314/webApps/1:373656212335:web:433ec7f500d1f3ffe48e9a",
            "project": "floramatch-497314",
            "timeouts": null
          },
          "sensitive_attributes": [],
          "identity_schema_version": 1,
          "identity": {
            "app_id": "1:373656212335:web:433ec7f500d1f3ffe48e9a",
            "project": "floramatch-497314"
          },
          "private": "eyJlMmJmYjczMC1lY2FhLTExZTYtOGY4OC0zNDM2M2JjN2M0YzAiOnsiY3JlYXRlIjoxMjAwMDAwMDAwMDAwLCJkZWxldGUiOjEyMDAwMDAwMDAwMDAsInVwZGF0ZSI6MTIwMDAwMDAwMDAwMH19",
          "dependencies": [
            "google_firebase_project.default"
          ]
        }
      ]
    },
    {
      "mode": "managed",
      "type": "google_firestore_database",
      "name": "default",
      "provider": "provider[\"registry.terraform.io/hashicorp/google\"]",
      "instances": [
        {
          "schema_version": 0,
          "attributes": {
            "app_engine_integration_mode": "DISABLED",
            "cmek_config": [],
            "concurrency_mode": "PESSIMISTIC",
            "create_time": "2026-05-24T16:19:59.014075Z",
            "database_edition": "STANDARD",
            "delete_protection_state": "DELETE_PROTECTION_DISABLED",
            "deletion_policy": "ABANDON",
            "earliest_version_time": "2026-05-31T14:13:07.495176Z",
            "etag": "INukpZ/o45QDMMj73qi715QD",
            "firestore_data_access_mode": "",
            "id": "projects/floramatch-497314/databases/(default)",
            "key_prefix": "zlm",
            "location_id": "europe-central2",
            "mongodb_compatible_data_access_mode": "",
            "name": "(default)",
            "point_in_time_recovery_enablement": "POINT_IN_TIME_RECOVERY_DISABLED",
            "project": "floramatch-497314",
            "realtime_updates_mode": "REALTIME_UPDATES_MODE_ENABLED",
            "tags": null,
            "timeouts": null,
            "type": "FIRESTORE_NATIVE",
            "uid": "8bc840ff-9368-45ab-83a9-ff143b23e1a8",
            "update_time": "2026-05-24T16:19:59.014075Z",
            "version_retention_period": "3600s"
          },
          "sensitive_attributes": [],
          "identity_schema_version": 1,
          "identity": {
            "name": "(default)",
            "project": "floramatch-497314"
          },
          "private": "eyJlMmJmYjczMC1lY2FhLTExZTYtOGY4OC0zNDM2M2JjN2M0YzAiOnsiY3JlYXRlIjoxMjAwMDAwMDAwMDAwLCJkZWxldGUiOjEyMDAwMDAwMDAwMDAsInVwZGF0ZSI6MTIwMDAwMDAwMDAwMH19"
        }
      ]
    },
    {
      "mode": "managed",
      "type": "google_project_iam_member",
      "name": "cloud_run_vpc_access",
      "provider": "provider[\"registry.terraform.io/hashicorp/google\"]",
      "instances": [
        {
          "schema_version": 0,
          "attributes": {
            "condition": [],
            "etag": "BwZTHG7OlHI=",
            "id": "floramatch-497314/roles/vpcaccess.user/serviceAccount:service-373656212335@serverless-robot-prod.iam.gserviceaccount.com",
            "member": "serviceAccount:service-373656212335@serverless-robot-prod.iam.gserviceaccount.com",
            "project": "floramatch-497314",
            "role": "roles/vpcaccess.user"
          },
          "sensitive_attributes": [],
          "identity_schema_version": 1,
          "identity": {
            "condition_title": null,
            "member": "serviceAccount:service-373656212335@serverless-robot-prod.iam.gserviceaccount.com",
            "project": "floramatch-497314",
            "role": "roles/vpcaccess.user"
          },
          "private": "bnVsbA==",
          "dependencies": [
            "data.google_project.project"
          ]
        }
      ]
    },
    {
      "mode": "managed",
      "type": "google_project_iam_member",
      "name": "default_compute_build_roles",
      "provider": "provider[\"registry.terraform.io/hashicorp/google\"]",
      "instances": [
        {
          "index_key": "roles/artifactregistry.writer",
          "schema_version": 0,
          "attributes": {
            "condition": [],
            "etag": "BwZTHG7OlHI=",
            "id": "floramatch-497314/roles/artifactregistry.writer/serviceAccount:373656212335-compute@developer.gserviceaccount.com",
            "member": "serviceAccount:373656212335-compute@developer.gserviceaccount.com",
            "project": "floramatch-497314",
            "role": "roles/artifactregistry.writer"
          },
          "sensitive_attributes": [],
          "identity_schema_version": 1,
          "identity": {
            "condition_title": null,
            "member": "serviceAccount:373656212335-compute@developer.gserviceaccount.com",
            "project": "floramatch-497314",
            "role": "roles/artifactregistry.writer"
          },
          "private": "bnVsbA==",
          "dependencies": [
            "data.google_project.project"
          ]
        },
        {
          "index_key": "roles/iam.serviceAccountUser",
          "schema_version": 0,
          "attributes": {
            "condition": [],
            "etag": "BwZTHG7OlHI=",
            "id": "floramatch-497314/roles/iam.serviceAccountUser/serviceAccount:373656212335-compute@developer.gserviceaccount.com",
            "member": "serviceAccount:373656212335-compute@developer.gserviceaccount.com",
            "project": "floramatch-497314",
            "role": "roles/iam.serviceAccountUser"
          },
          "sensitive_attributes": [],
          "identity_schema_version": 1,
          "identity": {
            "condition_title": null,
            "member": "serviceAccount:373656212335-compute@developer.gserviceaccount.com",
            "project": "floramatch-497314",
            "role": "roles/iam.serviceAccountUser"
          },
          "private": "bnVsbA==",
          "dependencies": [
            "data.google_project.project"
          ]
        },
        {
          "index_key": "roles/logging.logWriter",
          "schema_version": 0,
          "attributes": {
            "condition": [],
            "etag": "BwZTHG7OlHI=",
            "id": "floramatch-497314/roles/logging.logWriter/serviceAccount:373656212335-compute@developer.gserviceaccount.com",
            "member": "serviceAccount:373656212335-compute@developer.gserviceaccount.com",
            "project": "floramatch-497314",
            "role": "roles/logging.logWriter"
          },
          "sensitive_attributes": [],
          "identity_schema_version": 1,
          "identity": {
            "condition_title": null,
            "member": "serviceAccount:373656212335-compute@developer.gserviceaccount.com",
            "project": "floramatch-497314",
            "role": "roles/logging.logWriter"
          },
          "private": "bnVsbA==",
          "dependencies": [
            "data.google_project.project"
          ]
        },
        {
          "index_key": "roles/storage.objectViewer",
          "schema_version": 0,
          "attributes": {
            "condition": [],
            "etag": "BwZTHG7OlHI=",
            "id": "floramatch-497314/roles/storage.objectViewer/serviceAccount:373656212335-compute@developer.gserviceaccount.com",
            "member": "serviceAccount:373656212335-compute@developer.gserviceaccount.com",
            "project": "floramatch-497314",
            "role": "roles/storage.objectViewer"
          },
          "sensitive_attributes": [],
          "identity_schema_version": 1,
          "identity": {
            "condition_title": null,
            "member": "serviceAccount:373656212335-compute@developer.gserviceaccount.com",
            "project": "floramatch-497314",
            "role": "roles/storage.objectViewer"
          },
          "private": "bnVsbA==",
          "dependencies": [
            "data.google_project.project"
          ]
        }
      ]
    },
    {
      "mode": "managed",
      "type": "google_project_iam_member",
      "name": "functions_roles",
      "provider": "provider[\"registry.terraform.io/hashicorp/google\"]",
      "instances": [
        {
          "index_key": "roles/aiplatform.user",
          "schema_version": 0,
          "attributes": {
            "condition": [],
            "etag": "BwZTHG7OlHI=",
            "id": "floramatch-497314/roles/aiplatform.user/serviceAccount:functions-service-account@floramatch-497314.iam.gserviceaccount.com",
            "member": "serviceAccount:functions-service-account@floramatch-497314.iam.gserviceaccount.com",
            "project": "floramatch-497314",
            "role": "roles/aiplatform.user"
          },
          "sensitive_attributes": [],
          "identity_schema_version": 1,
          "identity": {
            "condition_title": null,
            "member": "serviceAccount:functions-service-account@floramatch-497314.iam.gserviceaccount.com",
            "project": "floramatch-497314",
            "role": "roles/aiplatform.user"
          },
          "private": "bnVsbA==",
          "dependencies": [
            "google_service_account.functions_sa"
          ]
        },
        {
          "index_key": "roles/cloudsql.client",
          "schema_version": 0,
          "attributes": {
            "condition": [],
            "etag": "BwZTHG7OlHI=",
            "id": "floramatch-497314/roles/cloudsql.client/serviceAccount:functions-service-account@floramatch-497314.iam.gserviceaccount.com",
            "member": "serviceAccount:functions-service-account@floramatch-497314.iam.gserviceaccount.com",
            "project": "floramatch-497314",
            "role": "roles/cloudsql.client"
          },
          "sensitive_attributes": [],
          "identity_schema_version": 1,
          "identity": {
            "condition_title": null,
            "member": "serviceAccount:functions-service-account@floramatch-497314.iam.gserviceaccount.com",
            "project": "floramatch-497314",
            "role": "roles/cloudsql.client"
          },
          "private": "bnVsbA==",
          "dependencies": [
            "google_service_account.functions_sa"
          ]
        },
        {
          "index_key": "roles/datastore.user",
          "schema_version": 0,
          "attributes": {
            "condition": [],
            "etag": "BwZTHG7OlHI=",
            "id": "floramatch-497314/roles/datastore.user/serviceAccount:functions-service-account@floramatch-497314.iam.gserviceaccount.com",
            "member": "serviceAccount:functions-service-account@floramatch-497314.iam.gserviceaccount.com",
            "project": "floramatch-497314",
            "role": "roles/datastore.user"
          },
          "sensitive_attributes": [],
          "identity_schema_version": 1,
          "identity": {
            "condition_title": null,
            "member": "serviceAccount:functions-service-account@floramatch-497314.iam.gserviceaccount.com",
            "project": "floramatch-497314",
            "role": "roles/datastore.user"
          },
          "private": "bnVsbA==",
          "dependencies": [
            "google_service_account.functions_sa"
          ]
        },
        {
          "index_key": "roles/logging.logWriter",
          "schema_version": 0,
          "attributes": {
            "condition": [],
            "etag": "BwZTHG7OlHI=",
            "id": "floramatch-497314/roles/logging.logWriter/serviceAccount:functions-service-account@floramatch-497314.iam.gserviceaccount.com",
            "member": "serviceAccount:functions-service-account@floramatch-497314.iam.gserviceaccount.com",
            "project": "floramatch-497314",
            "role": "roles/logging.logWriter"
          },
          "sensitive_attributes": [],
          "identity_schema_version": 1,
          "identity": {
            "condition_title": null,
            "member": "serviceAccount:functions-service-account@floramatch-497314.iam.gserviceaccount.com",
            "project": "floramatch-497314",
            "role": "roles/logging.logWriter"
          },
          "private": "bnVsbA==",
          "dependencies": [
            "google_service_account.functions_sa"
          ]
        },
        {
          "index_key": "roles/redis.editor",
          "schema_version": 0,
          "attributes": {
            "condition": [],
            "etag": "BwZTHG7OlHI=",
            "id": "floramatch-497314/roles/redis.editor/serviceAccount:functions-service-account@floramatch-497314.iam.gserviceaccount.com",
            "member": "serviceAccount:functions-service-account@floramatch-497314.iam.gserviceaccount.com",
            "project": "floramatch-497314",
            "role": "roles/redis.editor"
          },
          "sensitive_attributes": [],
          "identity_schema_version": 1,
          "identity": {
            "condition_title": null,
            "member": "serviceAccount:functions-service-account@floramatch-497314.iam.gserviceaccount.com",
            "project": "floramatch-497314",
            "role": "roles/redis.editor"
          },
          "private": "bnVsbA==",
          "dependencies": [
            "google_service_account.functions_sa"
          ]
        },
        {
          "index_key": "roles/secretmanager.secretAccessor",
          "schema_version": 0,
          "attributes": {
            "condition": [],
            "etag": "BwZTHG7OlHI=",
            "id": "floramatch-497314/roles/secretmanager.secretAccessor/serviceAccount:functions-service-account@floramatch-497314.iam.gserviceaccount.com",
            "member": "serviceAccount:functions-service-account@floramatch-497314.iam.gserviceaccount.com",
            "project": "floramatch-497314",
            "role": "roles/secretmanager.secretAccessor"
          },
          "sensitive_attributes": [],
          "identity_schema_version": 1,
          "identity": {
            "condition_title": null,
            "member": "serviceAccount:functions-service-account@floramatch-497314.iam.gserviceaccount.com",
            "project": "floramatch-497314",
            "role": "roles/secretmanager.secretAccessor"
          },
          "private": "bnVsbA==",
          "dependencies": [
            "google_service_account.functions_sa"
          ]
        }
      ]
    },
    {
      "mode": "managed",
      "type": "google_project_service",
      "name": "services",
      "provider": "provider[\"registry.terraform.io/hashicorp/google\"]",
      "instances": [
        {
          "index_key": "aiplatform.googleapis.com",
          "schema_version": 0,
          "attributes": {
            "deletion_policy": "DELETE",
            "disable_dependent_services": true,
            "disable_on_destroy": false,
            "id": "floramatch-497314/aiplatform.googleapis.com",
            "project": "floramatch-497314",
            "service": "aiplatform.googleapis.com",
            "timeouts": null
          },
          "sensitive_attributes": [],
          "identity_schema_version": 0,
          "private": "eyJlMmJmYjczMC1lY2FhLTExZTYtOGY4OC0zNDM2M2JjN2M0YzAiOnsiY3JlYXRlIjoxMjAwMDAwMDAwMDAwLCJkZWxldGUiOjEyMDAwMDAwMDAwMDAsInJlYWQiOjYwMDAwMDAwMDAwMCwidXBkYXRlIjoxMjAwMDAwMDAwMDAwfX0="
        },
        {
          "index_key": "apigateway.googleapis.com",
          "schema_version": 0,
          "attributes": {
            "deletion_policy": "DELETE",
            "disable_dependent_services": true,
            "disable_on_destroy": false,
            "id": "floramatch-497314/apigateway.googleapis.com",
            "project": "floramatch-497314",
            "service": "apigateway.googleapis.com",
            "timeouts": null
          },
          "sensitive_attributes": [],
          "identity_schema_version": 0,
          "private": "eyJlMmJmYjczMC1lY2FhLTExZTYtOGY4OC0zNDM2M2JjN2M0YzAiOnsiY3JlYXRlIjoxMjAwMDAwMDAwMDAwLCJkZWxldGUiOjEyMDAwMDAwMDAwMDAsInJlYWQiOjYwMDAwMDAwMDAwMCwidXBkYXRlIjoxMjAwMDAwMDAwMDAwfX0="
        },
        {
          "index_key": "artifactregistry.googleapis.com",
          "schema_version": 0,
          "attributes": {
            "deletion_policy": "DELETE",
            "disable_dependent_services": true,
            "disable_on_destroy": false,
            "id": "floramatch-497314/artifactregistry.googleapis.com",
            "project": "floramatch-497314",
            "service": "artifactregistry.googleapis.com",
            "timeouts": null
          },
          "sensitive_attributes": [],
          "identity_schema_version": 0,
          "private": "eyJlMmJmYjczMC1lY2FhLTExZTYtOGY4OC0zNDM2M2JjN2M0YzAiOnsiY3JlYXRlIjoxMjAwMDAwMDAwMDAwLCJkZWxldGUiOjEyMDAwMDAwMDAwMDAsInJlYWQiOjYwMDAwMDAwMDAwMCwidXBkYXRlIjoxMjAwMDAwMDAwMDAwfX0="
        },
        {
          "index_key": "cloudbuild.googleapis.com",
          "schema_version": 0,
          "attributes": {
            "deletion_policy": "DELETE",
            "disable_dependent_services": true,
            "disable_on_destroy": false,
            "id": "floramatch-497314/cloudbuild.googleapis.com",
            "project": "floramatch-497314",
            "service": "cloudbuild.googleapis.com",
            "timeouts": null
          },
          "sensitive_attributes": [],
          "identity_schema_version": 0,
          "private": "eyJlMmJmYjczMC1lY2FhLTExZTYtOGY4OC0zNDM2M2JjN2M0YzAiOnsiY3JlYXRlIjoxMjAwMDAwMDAwMDAwLCJkZWxldGUiOjEyMDAwMDAwMDAwMDAsInJlYWQiOjYwMDAwMDAwMDAwMCwidXBkYXRlIjoxMjAwMDAwMDAwMDAwfX0="
        },
        {
          "index_key": "cloudfunctions.googleapis.com",
          "schema_version": 0,
          "attributes": {
            "deletion_policy": "DELETE",
            "disable_dependent_services": true,
            "disable_on_destroy": false,
            "id": "floramatch-497314/cloudfunctions.googleapis.com",
            "project": "floramatch-497314",
            "service": "cloudfunctions.googleapis.com",
            "timeouts": null
          },
          "sensitive_attributes": [],
          "identity_schema_version": 0,
          "private": "eyJlMmJmYjczMC1lY2FhLTExZTYtOGY4OC0zNDM2M2JjN2M0YzAiOnsiY3JlYXRlIjoxMjAwMDAwMDAwMDAwLCJkZWxldGUiOjEyMDAwMDAwMDAwMDAsInJlYWQiOjYwMDAwMDAwMDAwMCwidXBkYXRlIjoxMjAwMDAwMDAwMDAwfX0="
        },
        {
          "index_key": "compute.googleapis.com",
          "schema_version": 0,
          "attributes": {
            "deletion_policy": "DELETE",
            "disable_dependent_services": true,
            "disable_on_destroy": false,
            "id": "floramatch-497314/compute.googleapis.com",
            "project": "floramatch-497314",
            "service": "compute.googleapis.com",
            "timeouts": null
          },
          "sensitive_attributes": [],
          "identity_schema_version": 0,
          "private": "eyJlMmJmYjczMC1lY2FhLTExZTYtOGY4OC0zNDM2M2JjN2M0YzAiOnsiY3JlYXRlIjoxMjAwMDAwMDAwMDAwLCJkZWxldGUiOjEyMDAwMDAwMDAwMDAsInJlYWQiOjYwMDAwMDAwMDAwMCwidXBkYXRlIjoxMjAwMDAwMDAwMDAwfX0="
        },
        {
          "index_key": "firestore.googleapis.com",
          "schema_version": 0,
          "attributes": {
            "deletion_policy": "DELETE",
            "disable_dependent_services": true,
            "disable_on_destroy": false,
            "id": "floramatch-497314/firestore.googleapis.com",
            "project": "floramatch-497314",
            "service": "firestore.googleapis.com",
            "timeouts": null
          },
          "sensitive_attributes": [],
          "identity_schema_version": 0,
          "private": "eyJlMmJmYjczMC1lY2FhLTExZTYtOGY4OC0zNDM2M2JjN2M0YzAiOnsiY3JlYXRlIjoxMjAwMDAwMDAwMDAwLCJkZWxldGUiOjEyMDAwMDAwMDAwMDAsInJlYWQiOjYwMDAwMDAwMDAwMCwidXBkYXRlIjoxMjAwMDAwMDAwMDAwfX0="
        },
        {
          "index_key": "redis.googleapis.com",
          "schema_version": 0,
          "attributes": {
            "deletion_policy": "DELETE",
            "disable_dependent_services": true,
            "disable_on_destroy": false,
            "id": "floramatch-497314/redis.googleapis.com",
            "project": "floramatch-497314",
            "service": "redis.googleapis.com",
            "timeouts": null
          },
          "sensitive_attributes": [],
          "identity_schema_version": 0,
          "private": "eyJlMmJmYjczMC1lY2FhLTExZTYtOGY4OC0zNDM2M2JjN2M0YzAiOnsiY3JlYXRlIjoxMjAwMDAwMDAwMDAwLCJkZWxldGUiOjEyMDAwMDAwMDAwMDAsInJlYWQiOjYwMDAwMDAwMDAwMCwidXBkYXRlIjoxMjAwMDAwMDAwMDAwfX0="
        },
        {
          "index_key": "run.googleapis.com",
          "schema_version": 0,
          "attributes": {
            "deletion_policy": "DELETE",
            "disable_dependent_services": true,
            "disable_on_destroy": false,
            "id": "floramatch-497314/run.googleapis.com",
            "project": "floramatch-497314",
            "service": "run.googleapis.com",
            "timeouts": null
          },
          "sensitive_attributes": [],
          "identity_schema_version": 0,
          "private": "eyJlMmJmYjczMC1lY2FhLTExZTYtOGY4OC0zNDM2M2JjN2M0YzAiOnsiY3JlYXRlIjoxMjAwMDAwMDAwMDAwLCJkZWxldGUiOjEyMDAwMDAwMDAwMDAsInJlYWQiOjYwMDAwMDAwMDAwMCwidXBkYXRlIjoxMjAwMDAwMDAwMDAwfX0="
        },
        {
          "index_key": "secretmanager.googleapis.com",
          "schema_version": 0,
          "attributes": {
            "deletion_policy": "DELETE",
            "disable_dependent_services": true,
            "disable_on_destroy": false,
            "id": "floramatch-497314/secretmanager.googleapis.com",
            "project": "floramatch-497314",
            "service": "secretmanager.googleapis.com",
            "timeouts": null
          },
          "sensitive_attributes": [],
          "identity_schema_version": 0,
          "private": "eyJlMmJmYjczMC1lY2FhLTExZTYtOGY4OC0zNDM2M2JjN2M0YzAiOnsiY3JlYXRlIjoxMjAwMDAwMDAwMDAwLCJkZWxldGUiOjEyMDAwMDAwMDAwMDAsInJlYWQiOjYwMDAwMDAwMDAwMCwidXBkYXRlIjoxMjAwMDAwMDAwMDAwfX0="
        },
        {
          "index_key": "servicecontrol.googleapis.com",
          "schema_version": 0,
          "attributes": {
            "deletion_policy": "DELETE",
            "disable_dependent_services": true,
            "disable_on_destroy": false,
            "id": "floramatch-497314/servicecontrol.googleapis.com",
            "project": "floramatch-497314",
            "service": "servicecontrol.googleapis.com",
            "timeouts": null
          },
          "sensitive_attributes": [],
          "identity_schema_version": 0,
          "private": "eyJlMmJmYjczMC1lY2FhLTExZTYtOGY4OC0zNDM2M2JjN2M0YzAiOnsiY3JlYXRlIjoxMjAwMDAwMDAwMDAwLCJkZWxldGUiOjEyMDAwMDAwMDAwMDAsInJlYWQiOjYwMDAwMDAwMDAwMCwidXBkYXRlIjoxMjAwMDAwMDAwMDAwfX0="
        },
        {
          "index_key": "servicemanagement.googleapis.com",
          "schema_version": 0,
          "attributes": {
            "deletion_policy": "DELETE",
            "disable_dependent_services": true,
            "disable_on_destroy": false,
            "id": "floramatch-497314/servicemanagement.googleapis.com",
            "project": "floramatch-497314",
            "service": "servicemanagement.googleapis.com",
            "timeouts": null
          },
          "sensitive_attributes": [],
          "identity_schema_version": 0,
          "private": "eyJlMmJmYjczMC1lY2FhLTExZTYtOGY4OC0zNDM2M2JjN2M0YzAiOnsiY3JlYXRlIjoxMjAwMDAwMDAwMDAwLCJkZWxldGUiOjEyMDAwMDAwMDAwMDAsInJlYWQiOjYwMDAwMDAwMDAwMCwidXBkYXRlIjoxMjAwMDAwMDAwMDAwfX0="
        },
        {
          "index_key": "sqladmin.googleapis.com",
          "schema_version": 0,
          "attributes": {
            "deletion_policy": "DELETE",
            "disable_dependent_services": true,
            "disable_on_destroy": false,
            "id": "floramatch-497314/sqladmin.googleapis.com",
            "project": "floramatch-497314",
            "service": "sqladmin.googleapis.com",
            "timeouts": null
          },
          "sensitive_attributes": [],
          "identity_schema_version": 0,
          "private": "eyJlMmJmYjczMC1lY2FhLTExZTYtOGY4OC0zNDM2M2JjN2M0YzAiOnsiY3JlYXRlIjoxMjAwMDAwMDAwMDAwLCJkZWxldGUiOjEyMDAwMDAwMDAwMDAsInJlYWQiOjYwMDAwMDAwMDAwMCwidXBkYXRlIjoxMjAwMDAwMDAwMDAwfX0="
        },
        {
          "index_key": "vpcaccess.googleapis.com",
          "schema_version": 0,
          "attributes": {
            "deletion_policy": "DELETE",
            "disable_dependent_services": true,
            "disable_on_destroy": false,
            "id": "floramatch-497314/vpcaccess.googleapis.com",
            "project": "floramatch-497314",
            "service": "vpcaccess.googleapis.com",
            "timeouts": null
          },
          "sensitive_attributes": [],
          "identity_schema_version": 0,
          "private": "eyJlMmJmYjczMC1lY2FhLTExZTYtOGY4OC0zNDM2M2JjN2M0YzAiOnsiY3JlYXRlIjoxMjAwMDAwMDAwMDAwLCJkZWxldGUiOjEyMDAwMDAwMDAwMDAsInJlYWQiOjYwMDAwMDAwMDAwMCwidXBkYXRlIjoxMjAwMDAwMDAwMDAwfX0="
        }
      ]
    },
    {
      "mode": "managed",
      "type": "google_redis_instance",
      "name": "cache",
      "provider": "provider[\"registry.terraform.io/hashicorp/google\"]",
      "instances": [
        {
          "schema_version": 0,
          "attributes": {
            "alternative_location_id": "",
            "auth_enabled": false,
            "auth_string": "",
            "authorized_network": "projects/floramatch-497314/global/networks/default",
            "connect_mode": "DIRECT_PEERING",
            "create_time": "2026-05-26T14:13:34.585127266Z",
            "current_location_id": "europe-central2-a",
            "customer_managed_key": "",
            "deletion_policy": "DELETE",
            "deletion_protection": null,
            "display_name": "",
            "effective_labels": {
              "goog-terraform-provisioned": "true"
            },
            "effective_reserved_ip_range": "10.81.190.24/29",
            "host": "10.81.190.27",
            "id": "projects/floramatch-497314/locations/europe-central2/instances/recommendation-cache",
            "labels": {},
            "location_id": "europe-central2-a",
            "maintenance_policy": [],
            "maintenance_schedule": [],
            "maintenance_version": "20251007_00_00",
            "memory_size_gb": 1,
            "name": "recommendation-cache",
            "nodes": [
              {
                "id": "node-0",
                "zone": "europe-central2-a"
              }
            ],
            "persistence_config": [
              {
                "persistence_mode": "DISABLED",
                "rdb_next_snapshot_time": "",
                "rdb_snapshot_period": "",
                "rdb_snapshot_start_time": ""
              }
            ],
            "persistence_iam_identity": "serviceAccount:service-373656212335@cloud-redis.iam.gserviceaccount.com",
            "port": 6379,
            "project": "floramatch-497314",
            "read_endpoint": "",
            "read_endpoint_port": 0,
            "read_replicas_mode": "READ_REPLICAS_DISABLED",
            "redis_configs": {},
            "redis_version": "REDIS_7_0",
            "region": "europe-central2",
            "replica_count": 0,
            "reserved_ip_range": null,
            "secondary_ip_range": "",
            "server_ca_certs": [],
            "terraform_labels": {
              "goog-terraform-provisioned": "true"
            },
            "tier": "BASIC",
            "timeouts": null,
            "transit_encryption_mode": "DISABLED"
          },
          "sensitive_attributes": [
            [
              {
                "type": "get_attr",
                "value": "auth_string"
              }
            ]
          ],
          "identity_schema_version": 1,
          "identity": {
            "name": "recommendation-cache",
            "project": "floramatch-497314",
            "region": "europe-central2"
          },
          "private": "eyJlMmJmYjczMC1lY2FhLTExZTYtOGY4OC0zNDM2M2JjN2M0YzAiOnsiY3JlYXRlIjoxMjAwMDAwMDAwMDAwLCJkZWxldGUiOjEyMDAwMDAwMDAwMDAsInVwZGF0ZSI6MTIwMDAwMDAwMDAwMH19"
        }
      ]
    },
    {
      "mode": "managed",
      "type": "google_secret_manager_secret",
      "name": "db_password",
      "provider": "provider[\"registry.terraform.io/hashicorp/google\"]",
      "instances": [
        {
          "schema_version": 0,
          "attributes": {
            "annotations": {},
            "create_time": "2026-05-24T16:19:52.995892Z",
            "deletion_policy": "DELETE",
            "deletion_protection": false,
            "effective_annotations": {},
            "effective_labels": {
              "goog-terraform-provisioned": "true"
            },
            "expire_time": "",
            "id": "projects/floramatch-497314/secrets/db-password",
            "labels": {},
            "name": "projects/373656212335/secrets/db-password",
            "project": "floramatch-497314",
            "replication": [
              {
                "auto": [],
                "user_managed": [
                  {
                    "replicas": [
                      {
                        "customer_managed_encryption": [],
                        "location": "europe-central2"
                      }
                    ]
                  }
                ]
              }
            ],
            "rotation": [],
            "secret_id": "db-password",
            "tags": null,
            "terraform_labels": {
              "goog-terraform-provisioned": "true"
            },
            "timeouts": null,
            "topics": [],
            "ttl": null,
            "version_aliases": {},
            "version_destroy_ttl": ""
          },
          "sensitive_attributes": [],
          "identity_schema_version": 1,
          "identity": {
            "project": "floramatch-497314",
            "secret_id": "db-password"
          },
          "private": "eyJlMmJmYjczMC1lY2FhLTExZTYtOGY4OC0zNDM2M2JjN2M0YzAiOnsiY3JlYXRlIjoxMjAwMDAwMDAwMDAwLCJkZWxldGUiOjEyMDAwMDAwMDAwMDAsInVwZGF0ZSI6MTIwMDAwMDAwMDAwMH19"
        }
      ]
    },
    {
      "mode": "managed",
      "type": "google_secret_manager_secret_version",
      "name": "db_password_v1",
      "provider": "provider[\"registry.terraform.io/hashicorp/google\"]",
      "instances": [
        {
          "schema_version": 0,
          "attributes": {
            "create_time": "2026-05-24T16:19:54.230281Z",
            "deletion_policy": "DELETE",
            "destroy_time": "",
            "enabled": true,
            "id": "projects/373656212335/secrets/db-password/versions/1",
            "is_secret_data_base64": false,
            "name": "projects/373656212335/secrets/db-password/versions/1",
            "project": null,
            "secret": "projects/floramatch-497314/secrets/db-password",
            "secret_data": "alamakota",
            "secret_data_wo": null,
            "secret_data_wo_version": 0,
            "timeouts": null,
            "version": "1"
          },
          "sensitive_attributes": [
            [
              {
                "type": "get_attr",
                "value": "secret_data"
              }
            ]
          ],
          "identity_schema_version": 0,
          "private": "eyJlMmJmYjczMC1lY2FhLTExZTYtOGY4OC0zNDM2M2JjN2M0YzAiOnsiY3JlYXRlIjoxMjAwMDAwMDAwMDAwLCJkZWxldGUiOjEyMDAwMDAwMDAwMDAsInVwZGF0ZSI6MTIwMDAwMDAwMDAwMH19",
          "dependencies": [
            "google_secret_manager_secret.db_password"
          ]
        }
      ]
    },
    {
      "mode": "managed",
      "type": "google_service_account",
      "name": "functions_sa",
      "provider": "provider[\"registry.terraform.io/hashicorp/google\"]",
      "instances": [
        {
          "schema_version": 0,
          "attributes": {
            "account_id": "functions-service-account",
            "create_ignore_already_exists": null,
            "deletion_policy": "DELETE",
            "description": "",
            "disabled": false,
            "display_name": "Cloud Functions Service Account",
            "email": "functions-service-account@floramatch-497314.iam.gserviceaccount.com",
            "id": "projects/floramatch-497314/serviceAccounts/functions-service-account@floramatch-497314.iam.gserviceaccount.com",
            "member": "serviceAccount:functions-service-account@floramatch-497314.iam.gserviceaccount.com",
            "name": "projects/floramatch-497314/serviceAccounts/functions-service-account@floramatch-497314.iam.gserviceaccount.com",
            "project": "floramatch-497314",
            "timeouts": null,
            "unique_id": "113670574664557449362"
          },
          "sensitive_attributes": [],
          "identity_schema_version": 1,
          "identity": {
            "email": "functions-service-account@floramatch-497314.iam.gserviceaccount.com",
            "project": "floramatch-497314"
          },
          "private": "eyJlMmJmYjczMC1lY2FhLTExZTYtOGY4OC0zNDM2M2JjN2M0YzAiOnsiY3JlYXRlIjozMDAwMDAwMDAwMDB9fQ=="
        }
      ]
    },
    {
      "mode": "managed",
      "type": "google_service_account_iam_member",
      "name": "cloud_build_identity",
      "provider": "provider[\"registry.terraform.io/hashicorp/google\"]",
      "instances": [
        {
          "schema_version": 0,
          "attributes": {
            "condition": [],
            "etag": "BwZSkvEd6vw=",
            "id": "projects/floramatch-497314/serviceAccounts/functions-service-account@floramatch-497314.iam.gserviceaccount.com/roles/iam.serviceAccountUser/serviceAccount:service-373656212335@gcp-sa-cloudbuild.iam.gserviceaccount.com",
            "member": "serviceAccount:service-373656212335@gcp-sa-cloudbuild.iam.gserviceaccount.com",
            "role": "roles/iam.serviceAccountUser",
            "service_account_id": "projects/floramatch-497314/serviceAccounts/functions-service-account@floramatch-497314.iam.gserviceaccount.com"
          },
          "sensitive_attributes": [],
          "identity_schema_version": 0,
          "private": "bnVsbA==",
          "dependencies": [
            "data.google_project.project",
            "google_service_account.functions_sa"
          ]
        }
      ]
    },
    {
      "mode": "managed",
      "type": "google_sql_database",
      "name": "plants",
      "provider": "provider[\"registry.terraform.io/hashicorp/google\"]",
      "instances": [
        {
          "schema_version": 0,
          "attributes": {
            "charset": "UTF8",
            "collation": "en_US.UTF8",
            "deletion_policy": "DELETE",
            "id": "projects/floramatch-497314/instances/plants-db/databases/plants",
            "instance": "plants-db",
            "name": "plants",
            "project": "floramatch-497314",
            "self_link": "https://sqladmin.googleapis.com/sql/v1beta4/projects/floramatch-497314/instances/plants-db/databases/plants",
            "timeouts": null
          },
          "sensitive_attributes": [],
          "identity_schema_version": 1,
          "identity": {
            "instance": "plants-db",
            "name": "plants",
            "project": "floramatch-497314"
          },
          "private": "eyJlMmJmYjczMC1lY2FhLTExZTYtOGY4OC0zNDM2M2JjN2M0YzAiOnsiY3JlYXRlIjoxMjAwMDAwMDAwMDAwLCJkZWxldGUiOjEyMDAwMDAwMDAwMDAsInVwZGF0ZSI6MTIwMDAwMDAwMDAwMH19",
          "dependencies": [
            "google_sql_database_instance.plants_db"
          ]
        }
      ]
    },
    {
      "mode": "managed",
      "type": "google_sql_database_instance",
      "name": "plants_db",
      "provider": "provider[\"registry.terraform.io/hashicorp/google\"]",
      "instances": [
        {
          "schema_version": 0,
          "attributes": {
            "available_maintenance_versions": [],
            "backupdr_backup": null,
            "clone": [],
            "connection_name": "floramatch-497314:europe-central2:plants-db",
            "database_version": "POSTGRES_15",
            "deletion_policy": "DELETE",
            "deletion_protection": true,
            "dns_name": "",
            "dns_names": [],
            "encryption_key_name": null,
            "final_backup_description": null,
            "first_ip_address": "34.158.236.80",
            "id": "plants-db",
            "instance_type": "CLOUD_SQL_INSTANCE",
            "ip_address": [
              {
                "ip_address": "34.158.236.80",
                "time_to_retire": "",
                "type": "PRIMARY"
              },
              {
                "ip_address": "34.118.24.201",
                "time_to_retire": "",
                "type": "OUTGOING"
              }
            ],
            "maintenance_version": "POSTGRES_15_17.R20260319.00_14",
            "master_instance_name": "",
            "name": "plants-db",
            "node_count": 0,
            "point_in_time_restore_context": [],
            "private_ip_address": "",
            "project": "floramatch-497314",
            "psc_service_attachment_link": "",
            "public_ip_address": "34.158.236.80",
            "region": "europe-central2",
            "replica_configuration": [],
            "replica_names": [],
            "replication_cluster": [
              {
                "dr_replica": false,
                "failover_dr_replica_name": "",
                "psa_write_endpoint": ""
              }
            ],
            "restore_backup_context": [],
            "root_password": null,
            "root_password_wo": null,
            "root_password_wo_version": null,
            "self_link": "https://sqladmin.googleapis.com/sql/v1beta4/projects/floramatch-497314/instances/plants-db",
            "server_ca_cert": [
              {
                "cert": "-----BEGIN CERTIFICATE-----\nMIIDcTCCAlmgAwIBAgIBADANBgkqhkiG9w0BAQsFADBwMS0wKwYDVQQuEyRjNjNh\nZGVlYi0wNWYxLTQ2NTEtOWI3ZS00Y2ZhODU5ZGZlNWMxHDAaBgNVBAMTE0Nsb3Vk\nIFNRTCBTZXJ2ZXIgQ0ExFDASBgNVBAoTC0dvb2dsZSwgSW5jMQswCQYDVQQGEwJV\nUzAeFw0yNjA1MjQxNjAyNTVaFw0zNjA1MjExNjAzNTVaMHAxLTArBgNVBC4TJGM2\nM2FkZWViLTA1ZjEtNDY1MS05YjdlLTRjZmE4NTlkZmU1YzEcMBoGA1UEAxMTQ2xv\ndWQgU1FMIFNlcnZlciBDQTEUMBIGA1UEChMLR29vZ2xlLCBJbmMxCzAJBgNVBAYT\nAlVTMIIBIjANBgkqhkiG9w0BAQEFAAOCAQ8AMIIBCgKCAQEA5G6gXasRA5ElEK+s\nps1gXOswSePCLiowBIRY6x1yCUwmmY6rnnkdZ5GHu8uL+pWkYye06STCnNsnCHav\nYCh9HdQcVGR9e3WXjF0VGYexEKjM+b7vbHkOBlLi/f7d/alJUD+J9961qQ1swJEk\nYtLPyRt4xbD0xylNg0i+ZF9rLYaociTsSvY2/zG6lF4o131OJs/oCgDGlfYhiO49\nuU7vDDl3mkPgOInErLBv8LAhFgjP63RXkQLd9JjLjxLoVzLw+F4ayyJVsmr/5Rnf\nGDJC9W9yBYC+dG7hPKc62IApAOYOoMbcjAi8JcIQbr7pEM095ptCeMwAgVujXfCy\nQtnruwIDAQABoxYwFDASBgNVHRMBAf8ECDAGAQH/AgEAMA0GCSqGSIb3DQEBCwUA\nA4IBAQBAcUl1TGdIE6UoBawcqkVLLU2vCJC/PNuscn6ClS69FW7LpkXPTeyBgDZl\npIwFf3EY20nq5V+I7kU0nFAG8PkJyR7XRUbZUzIIAvSW46UCEBeZ6DnbEQVRa1wL\n8QSOLcuDsD9J9opCEkEEdLvIlChyjb8QwMKkXqIZ75u4OEW5/APaurmWVwVGhjwa\nKstBJfAmdXsdIpPqaFAQj9PIBuiHNmIwzZNMSaFxji6zPXCAzJKGA4yjfebE3am7\nsQaQ6FLZvFj3nQlHJJoOaEZjvuMxbJZDFSU5+uZOmu37lw77VTaSCdeH26U1Wl/+\nejaNFlwQW794i5NypU/fXR83prpd\n-----END CERTIFICATE-----",
                "common_name": "C=US,O=Google\\, Inc,CN=Cloud SQL Server CA,dnQualifier=c63adeeb-05f1-4651-9b7e-4cfa859dfe5c",
                "create_time": "2026-05-24T16:02:55.272Z",
                "expiration_time": "2036-05-21T16:03:55.272Z",
                "sha1_fingerprint": "2f1ff1247bf2e74a233a62e3cb2134976c2fa7e7"
              }
            ],
            "service_account_email_address": "p373656212335-lim99e@gcp-sa-cloud-sql.iam.gserviceaccount.com",
            "settings": [
              {
                "activation_policy": "ALWAYS",
                "active_directory_config": [],
                "advanced_machine_features": [],
                "auto_upgrade_enabled": false,
                "availability_type": "ZONAL",
                "backup_configuration": [
                  {
                    "backup_retention_settings": [
                      {
                        "retained_backups": 7,
                        "retention_unit": "COUNT"
                      }
                    ],
                    "backup_tier": "STANDARD",
                    "binary_log_enabled": false,
                    "enabled": false,
                    "location": "",
                    "point_in_time_recovery_enabled": false,
                    "start_time": "18:00",
                    "transaction_log_retention_days": 7
                  }
                ],
                "collation": "",
                "connection_pool_config": [],
                "connector_enforcement": "NOT_REQUIRED",
                "data_api_access": "",
                "data_cache_config": [
                  {
                    "data_cache_enabled": false
                  }
                ],
                "data_disk_provisioned_iops": 0,
                "data_disk_provisioned_throughput": 0,
                "database_flags": [],
                "deletion_protection_enabled": false,
                "deny_maintenance_period": [],
                "disk_autoresize": true,
                "disk_autoresize_limit": 0,
                "disk_size": 10,
                "disk_type": "PD_SSD",
                "edition": "ENTERPRISE",
                "effective_availability_type": "ZONAL",
                "enable_dataplex_integration": false,
                "enable_google_ml_integration": false,
                "entraid_config": [],
                "final_backup_config": [],
                "insights_config": [],
                "ip_configuration": [
                  {
                    "allocated_ip_range": "",
                    "authorized_networks": [],
                    "custom_subject_alternative_names": [],
                    "enable_private_path_for_google_cloud_services": false,
                    "ipv4_enabled": true,
                    "private_network": "",
                    "psc_config": [],
                    "server_ca_mode": "GOOGLE_MANAGED_INTERNAL_CA",
                    "server_ca_pool": "",
                    "server_certificate_rotation_mode": "SERVER_CERTIFICATE_ROTATION_MODE_UNSPECIFIED",
                    "ssl_mode": "ALLOW_UNENCRYPTED_AND_ENCRYPTED"
                  }
                ],
                "location_preference": [
                  {
                    "follow_gae_application": "",
                    "secondary_zone": "",
                    "zone": "europe-central2-a"
                  }
                ],
                "maintenance_window": [],
                "password_validation_policy": [],
                "pricing_plan": "PER_USE",
                "read_pool_auto_scale_config": [
                  {
                    "disable_scale_in": false,
                    "enabled": false,
                    "max_node_count": 0,
                    "min_node_count": 0,
                    "scale_in_cooldown_seconds": 0,
                    "scale_out_cooldown_seconds": 0,
                    "target_metrics": []
                  }
                ],
                "retain_backups_on_delete": false,
                "sql_server_audit_config": [],
                "tier": "db-f1-micro",
                "time_zone": "",
                "user_labels": {},
                "version": 11
              }
            ],
            "timeouts": null
          },
          "sensitive_attributes": [
            [
              {
                "type": "get_attr",
                "value": "root_password"
              }
            ],
            [
              {
                "type": "get_attr",
                "value": "server_ca_cert"
              }
            ]
          ],
          "identity_schema_version": 0,
          "private": "eyJlMmJmYjczMC1lY2FhLTExZTYtOGY4OC0zNDM2M2JjN2M0YzAiOnsiY3JlYXRlIjo1NDAwMDAwMDAwMDAwLCJkZWxldGUiOjU0MDAwMDAwMDAwMDAsInVwZGF0ZSI6NTQwMDAwMDAwMDAwMH19"
        }
      ]
    },
    {
      "mode": "managed",
      "type": "google_storage_bucket",
      "name": "functions_bucket",
      "provider": "provider[\"registry.terraform.io/hashicorp/google\"]",
      "instances": [
        {
          "schema_version": 4,
          "attributes": {
            "autoclass": [],
            "cors": [],
            "custom_placement_config": [],
            "default_event_based_hold": false,
            "deletion_policy": "DELETE",
            "effective_labels": {
              "goog-terraform-provisioned": "true"
            },
            "enable_object_retention": false,
            "encryption": [],
            "force_destroy": true,
            "hierarchical_namespace": [
              {
                "enabled": false
              }
            ],
            "id": "floramatch-497314-functions-source",
            "ip_filter": [],
            "labels": {},
            "lifecycle_rule": [],
            "location": "EUROPE-CENTRAL2",
            "logging": [],
            "name": "floramatch-497314-functions-source",
            "project": "floramatch-497314",
            "project_number": 373656212335,
            "public_access_prevention": "inherited",
            "requester_pays": false,
            "retention_policy": [],
            "rpo": null,
            "self_link": "https://www.googleapis.com/storage/v1/b/floramatch-497314-functions-source",
            "soft_delete_policy": [
              {
                "effective_time": "2026-05-24T16:02:26.745Z",
                "retention_duration_seconds": 604800
              }
            ],
            "storage_class": "STANDARD",
            "terraform_labels": {
              "goog-terraform-provisioned": "true"
            },
            "time_created": "2026-05-24T16:02:26.745Z",
            "timeouts": null,
            "uniform_bucket_level_access": true,
            "updated": "2026-05-24T16:02:26.745Z",
            "url": "gs://floramatch-497314-functions-source",
            "versioning": [],
            "website": []
          },
          "sensitive_attributes": [],
          "identity_schema_version": 1,
          "identity": {
            "name": "floramatch-497314-functions-source",
            "project": "floramatch-497314"
          },
          "private": "eyJlMmJmYjczMC1lY2FhLTExZTYtOGY4OC0zNDM2M2JjN2M0YzAiOnsiY3JlYXRlIjo2MDAwMDAwMDAwMDAsInJlYWQiOjI0MDAwMDAwMDAwMCwidXBkYXRlIjoyNDAwMDAwMDAwMDB9LCJzY2hlbWFfdmVyc2lvbiI6IjQifQ=="
        }
      ]
    },
    {
      "mode": "managed",
      "type": "google_storage_bucket_object",
      "name": "garden_zip",
      "provider": "provider[\"registry.terraform.io/hashicorp/google\"]",
      "instances": [
        {
          "schema_version": 0,
          "attributes": {
            "bucket": "floramatch-497314-functions-source",
            "cache_control": "",
            "content": null,
            "content_disposition": "",
            "content_encoding": "",
            "content_language": "",
            "content_type": "application/zip",
            "contexts": [],
            "crc32c": "xcxdZg==",
            "customer_encryption": [],
            "deletion_policy": "DELETE",
            "detect_md5hash": "tl2zauPVR85Kowri2kksoA==",
            "event_based_hold": false,
            "force_empty_content_type": null,
            "generation": 1780240404156937,
            "id": "floramatch-497314-functions-source-garden-service-b65db36ae3d547ce4aa30ae2da492ca0.zip",
            "kms_key_name": "",
            "md5hash": "tl2zauPVR85Kowri2kksoA==",
            "md5hexhash": "b65db36ae3d547ce4aa30ae2da492ca0",
            "media_link": "https://storage.googleapis.com/download/storage/v1/b/floramatch-497314-functions-source/o/garden-service-b65db36ae3d547ce4aa30ae2da492ca0.zip?generation=1780240404156937\u0026alt=media",
            "metadata": null,
            "name": "garden-service-b65db36ae3d547ce4aa30ae2da492ca0.zip",
            "output_name": "garden-service-b65db36ae3d547ce4aa30ae2da492ca0.zip",
            "retention": [],
            "self_link": "https://www.googleapis.com/storage/v1/b/floramatch-497314-functions-source/o/garden-service-b65db36ae3d547ce4aa30ae2da492ca0.zip",
            "source": "functions/garden-service.zip",
            "source_md5hash": "",
            "storage_class": "STANDARD",
            "temporary_hold": false,
            "timeouts": null
          },
          "sensitive_attributes": [
            [
              {
                "type": "get_attr",
                "value": "content"
              }
            ]
          ],
          "identity_schema_version": 0,
          "private": "eyJlMmJmYjczMC1lY2FhLTExZTYtOGY4OC0zNDM2M2JjN2M0YzAiOnsiY3JlYXRlIjoyNDAwMDAwMDAwMDAsImRlbGV0ZSI6MjQwMDAwMDAwMDAwLCJ1cGRhdGUiOjI0MDAwMDAwMDAwMH19",
          "dependencies": [
            "google_storage_bucket.functions_bucket"
          ]
        }
      ]
    },
    {
      "mode": "managed",
      "type": "google_storage_bucket_object",
      "name": "recommendation_zip",
      "provider": "provider[\"registry.terraform.io/hashicorp/google\"]",
      "instances": [
        {
          "schema_version": 0,
          "attributes": {
            "bucket": "floramatch-497314-functions-source",
            "cache_control": "",
            "content": null,
            "content_disposition": "",
            "content_encoding": "",
            "content_language": "",
            "content_type": "application/zip",
            "contexts": [],
            "crc32c": "2xYrrg==",
            "customer_encryption": [],
            "deletion_policy": "DELETE",
            "detect_md5hash": "up0uP7xlAcOI7sPCINeO5g==",
            "event_based_hold": false,
            "force_empty_content_type": null,
            "generation": 1780238376130264,
            "id": "floramatch-497314-functions-source-plant-recommendation-service-ba9d2e3fbc6501c388eec3c220d78ee6.zip",
            "kms_key_name": "",
            "md5hash": "up0uP7xlAcOI7sPCINeO5g==",
            "md5hexhash": "ba9d2e3fbc6501c388eec3c220d78ee6",
            "media_link": "https://storage.googleapis.com/download/storage/v1/b/floramatch-497314-functions-source/o/plant-recommendation-service-ba9d2e3fbc6501c388eec3c220d78ee6.zip?generation=1780238376130264\u0026alt=media",
            "metadata": {},
            "name": "plant-recommendation-service-ba9d2e3fbc6501c388eec3c220d78ee6.zip",
            "output_name": "plant-recommendation-service-ba9d2e3fbc6501c388eec3c220d78ee6.zip",
            "retention": [],
            "self_link": "https://www.googleapis.com/storage/v1/b/floramatch-497314-functions-source/o/plant-recommendation-service-ba9d2e3fbc6501c388eec3c220d78ee6.zip",
            "source": "functions/plant-recommendation-service.zip",
            "source_md5hash": "",
            "storage_class": "STANDARD",
            "temporary_hold": false,
            "timeouts": null
          },
          "sensitive_attributes": [
            [
              {
                "type": "get_attr",
                "value": "content"
              }
            ]
          ],
          "identity_schema_version": 0,
          "private": "eyJlMmJmYjczMC1lY2FhLTExZTYtOGY4OC0zNDM2M2JjN2M0YzAiOnsiY3JlYXRlIjoyNDAwMDAwMDAwMDAsImRlbGV0ZSI6MjQwMDAwMDAwMDAwLCJ1cGRhdGUiOjI0MDAwMDAwMDAwMH19",
          "dependencies": [
            "google_storage_bucket.functions_bucket"
          ]
        }
      ]
    }
  ],
  "check_results": null
}
